
Microsoft Visual Studio Solution File, Format Version 12.00
# Visual Studio Version 17
VisualStudioVersion = 17.8.34511.84
MinimumVisualStudioVersion = 10.0.40219.1
Project("{FAE04EC0-301F-11D3-BF4B-00C04F79EFBC}") = "PROGRAMMING_PART2", "PROGRAMMING_PART2\PROGRAMMING_PART2.csproj", "{E085A223-16C0-4DB2-ACD1-4672839E2C31}"
EndProject
Global
	GlobalSection(SolutionConfigurationPlatforms) = preSolution
		Debug|Any CPU = Debug|Any CPU
		Release|Any CPU = Release|Any CPU
	EndGlobalSection
	GlobalSection(ProjectConfigurationPlatforms) = postSolution
		{E085A223-16C0-4DB2-ACD1-4672839E2C31}.Debug|Any CPU.ActiveCfg = Debug|Any CPU
		{E085A223-16C0-4DB2-ACD1-4672839E2C31}.Debug|Any CPU.Build.0 = Debug|Any CPU
		{E085A223-16C0-4DB2-ACD1-4672839E2C31}.Release|Any CPU.ActiveCfg = Release|Any CPU
		{E085A223-16C0-4DB2-ACD1-4672839E2C31}.Release|Any CPU.Build.0 = Release|Any CPU
	EndGlobalSection
	GlobalSection(SolutionProperties) = preSolution
		HideSolutionNode = FALSE
	EndGlobalSection
	GlobalSection(ExtensibilityGlobals) = postSolution
		SolutionGuid = {8B970E7D-7770-4A64-9D64-97E3C90997CF}
	EndGlobalSection
EndGlobal
